
Microsoft Visual Studio Solution File, Format Version 12.00
# Visual Studio Version 17
VisualStudioVersion = 17.5.002.0
MinimumVisualStudioVersion = 10.0.40219.1
Project("{9A19103F-16F7-4668-BE54-9A1E7A4F7556}") = "CapacitaDigitalApi", "CapacitaDigitalApi.csproj", "{A5392F77-F79F-4CBA-BECB-893F17286C57}"
EndProject
Global
	GlobalSection(SolutionConfigurationPlatforms) = preSolution
		Debug|Any CPU = Debug|Any CPU
		Release|Any CPU = Release|Any CPU
	EndGlobalSection
	GlobalSection(ProjectConfigurationPlatforms) = postSolution
		{A5392F77-F79F-4CBA-BECB-893F17286C57}.Debug|Any CPU.ActiveCfg = Debug|Any CPU
		{A5392F77-F79F-4CBA-BECB-893F17286C57}.Debug|Any CPU.Build.0 = Debug|Any CPU
		{A5392F77-F79F-4CBA-BECB-893F17286C57}.Release|Any CPU.ActiveCfg = Release|Any CPU
		{A5392F77-F79F-4CBA-BECB-893F17286C57}.Release|Any CPU.Build.0 = Release|Any CPU
	EndGlobalSection
	GlobalSection(SolutionProperties) = preSolution
		HideSolutionNode = FALSE
	EndGlobalSection
	GlobalSection(ExtensibilityGlobals) = postSolution
		SolutionGuid = {C6BDFCBD-7A04-4E09-A15B-4D6D326F1FB4}
	EndGlobalSection
EndGlobal
